
Microsoft Visual Studio Solution File, Format Version 12.00
# Visual Studio Version 17
VisualStudioVersion = 17.3.32804.467
MinimumVisualStudioVersion = 10.0.40219.1
Project("{FAE04EC0-301F-11D3-BF4B-00C04F79EFBC}") = "MultipleSupportProgram", "MultipleSupportProgram\MultipleSupportProgram.csproj", "{131D3246-A81D-461E-98A6-61B5A8FE5F1D}"
EndProject
Global
	GlobalSection(SolutionConfigurationPlatforms) = preSolution
		Debug|Any CPU = Debug|Any CPU
		Debug|x86 = Debug|x86
		Release|Any CPU = Release|Any CPU
		Release|x86 = Release|x86
	EndGlobalSection
	GlobalSection(ProjectConfigurationPlatforms) = postSolution
		{131D3246-A81D-461E-98A6-61B5A8FE5F1D}.Debug|Any CPU.ActiveCfg = Debug|Any CPU
		{131D3246-A81D-461E-98A6-61B5A8FE5F1D}.Debug|Any CPU.Build.0 = Debug|Any CPU
		{131D3246-A81D-461E-98A6-61B5A8FE5F1D}.Debug|x86.ActiveCfg = Debug|x86
		{131D3246-A81D-461E-98A6-61B5A8FE5F1D}.Debug|x86.Build.0 = Debug|x86
		{131D3246-A81D-461E-98A6-61B5A8FE5F1D}.Release|Any CPU.ActiveCfg = Release|Any CPU
		{131D3246-A81D-461E-98A6-61B5A8FE5F1D}.Release|Any CPU.Build.0 = Release|Any CPU
		{131D3246-A81D-461E-98A6-61B5A8FE5F1D}.Release|x86.ActiveCfg = Release|x86
		{131D3246-A81D-461E-98A6-61B5A8FE5F1D}.Release|x86.Build.0 = Release|x86
	EndGlobalSection
	GlobalSection(SolutionProperties) = preSolution
		HideSolutionNode = FALSE
	EndGlobalSection
	GlobalSection(ExtensibilityGlobals) = postSolution
		SolutionGuid = {66B30D89-D41E-4C5C-869A-869F0479ED3A}
	EndGlobalSection
EndGlobal
